
Microsoft Visual Studio Solution File, Format Version 12.00
# Visual Studio Version 16
VisualStudioVersion = 16.0.30503.244
MinimumVisualStudioVersion = 10.0.40219.1
Project("{FAE04EC0-301F-11D3-BF4B-00C04F79EFBC}") = "Hangman Lite (Part 8 Project)", "Hangman Lite (Part 8 Project).csproj", "{7E7CA71D-7D12-4810-B60A-1CE8711EBA8E}"
EndProject
Global
	GlobalSection(SolutionConfigurationPlatforms) = preSolution
		Debug|Any CPU = Debug|Any CPU
		Release|Any CPU = Release|Any CPU
	EndGlobalSection
	GlobalSection(ProjectConfigurationPlatforms) = postSolution
		{7E7CA71D-7D12-4810-B60A-1CE8711EBA8E}.Debug|Any CPU.ActiveCfg = Debug|Any CPU
		{7E7CA71D-7D12-4810-B60A-1CE8711EBA8E}.Debug|Any CPU.Build.0 = Debug|Any CPU
		{7E7CA71D-7D12-4810-B60A-1CE8711EBA8E}.Release|Any CPU.ActiveCfg = Release|Any CPU
		{7E7CA71D-7D12-4810-B60A-1CE8711EBA8E}.Release|Any CPU.Build.0 = Release|Any CPU
	EndGlobalSection
	GlobalSection(SolutionProperties) = preSolution
		HideSolutionNode = FALSE
	EndGlobalSection
	GlobalSection(ExtensibilityGlobals) = postSolution
		SolutionGuid = {DB8A0236-5C87-4626-8316-F770B0876E11}
	EndGlobalSection
EndGlobal
